
Microsoft Visual Studio Solution File, Format Version 12.00
# Visual Studio Version 17
VisualStudioVersion = 17.4.33110.190
MinimumVisualStudioVersion = 10.0.40219.1
Project("{FAE04EC0-301F-11D3-BF4B-00C04F79EFBC}") = "Average", "Average.csproj", "{A55FDF1F-F6E6-4D3D-B98D-783E0FD54DBC}"
EndProject
Global
	GlobalSection(SolutionConfigurationPlatforms) = preSolution
		Debug|Any CPU = Debug|Any CPU
		Release|Any CPU = Release|Any CPU
	EndGlobalSection
	GlobalSection(ProjectConfigurationPlatforms) = postSolution
		{A55FDF1F-F6E6-4D3D-B98D-783E0FD54DBC}.Debug|Any CPU.ActiveCfg = Debug|Any CPU
		{A55FDF1F-F6E6-4D3D-B98D-783E0FD54DBC}.Debug|Any CPU.Build.0 = Debug|Any CPU
		{A55FDF1F-F6E6-4D3D-B98D-783E0FD54DBC}.Release|Any CPU.ActiveCfg = Release|Any CPU
		{A55FDF1F-F6E6-4D3D-B98D-783E0FD54DBC}.Release|Any CPU.Build.0 = Release|Any CPU
	EndGlobalSection
	GlobalSection(SolutionProperties) = preSolution
		HideSolutionNode = FALSE
	EndGlobalSection
	GlobalSection(ExtensibilityGlobals) = postSolution
		SolutionGuid = {9D3EFE17-BB58-4910-9B1C-AAA5620EDFC5}
	EndGlobalSection
EndGlobal
